// !$*UTF8*$!
{
	archiveVersion = 1;
	classes = {
	};
	objectVersion = 48;
	objects = {

/* Begin PBXBuildFile section */
		5D678F3B14C4274BCC0836A0 /* Pods_InstaCloneFirebase.framework in Frameworks */ = {isa = PBXBuildFile; fileRef = 6D271AA880BD2E8589D31854 /* Pods_InstaCloneFirebase.framework */; };
		A728885E1F640EEC00AFF8BB /* GoogleService-Info.plist in Resources */ = {isa = PBXBuildFile; fileRef = A7AD31DB1F640C4E00E4C644 /* GoogleService-Info.plist */; };
		A7AD31C61F64084200E4C644 /* AppDelegate.swift in Sources */ = {isa = PBXBuildFile; fileRef = A7AD31C51F64084200E4C644 /* AppDelegate.swift */; };
		A7AD31C81F64084200E4C644 /* feedVC.swift in Sources */ = {isa = PBXBuildFile; fileRef = A7AD31C71F64084200E4C644 /* feedVC.swift */; };
		A7AD31CA1F64084200E4C644 /* uploadVC.swift in Sources */ = {isa = PBXBuildFile; fileRef = A7AD31C91F64084200E4C644 /* uploadVC.swift */; };
		A7AD31CD1F64084200E4C644 /* Main.storyboard in Resources */ = {isa = PBXBuildFile; fileRef = A7AD31CB1F64084200E4C644 /* Main.storyboard */; };
		A7AD31CF1F64084200E4C644 /* Assets.xcassets in Resources */ = {isa = PBXBuildFile; fileRef = A7AD31CE1F64084200E4C644 /* Assets.xcassets */; };
		A7AD31D21F64084200E4C644 /* LaunchScreen.storyboard in Resources */ = {isa = PBXBuildFile; fileRef = A7AD31D01F64084200E4C644 /* LaunchScreen.storyboard */; };
		A7AD31DA1F6409CD00E4C644 /* signInVC.swift in Sources */ = {isa = PBXBuildFile; fileRef = A7AD31D91F6409CD00E4C644 /* signInVC.swift */; };
		A7DA9E721F641FA40049BF3F /* select.png in Resources */ = {isa = PBXBuildFile; fileRef = A7DA9E711F641F9F0049BF3F /* select.png */; };
		A7E273A61F657E690019DEBF /* feedCell.swift in Sources */ = {isa = PBXBuildFile; fileRef = A7E273A51F657E690019DEBF /* feedCell.swift */; };
		A7E273A81F6585A40019DEBF /* SDWebImage.framework in Frameworks */ = {isa = PBXBuildFile; fileRef = A7E273A71F6585A40019DEBF /* SDWebImage.framework */; };
		A7E273AA1F6585B60019DEBF /* libwebp.framework in Frameworks */ = {isa = PBXBuildFile; fileRef = A7E273A91F6585B60019DEBF /* libwebp.framework */; };
/* End PBXBuildFile section */

/* Begin PBXFileReference section */
		2C0EB77F1CF79A714716E80F /* Pods-InstaCloneFirebase.debug.xcconfig */ = {isa = PBXFileReference; includeInIndex = 1; lastKnownFileType = text.xcconfig; name = "Pods-InstaCloneFirebase.debug.xcconfig"; path = "Pods/Target Support Files/Pods-InstaCloneFirebase/Pods-InstaCloneFirebase.debug.xcconfig"; sourceTree = "<group>"; };
		5E6BA0EAEFD6ADD3F0CC1BF9 /* Pods-InstaCloneFirebase.release.xcconfig */ = {isa = PBXFileReference; includeInIndex = 1; lastKnownFileType = text.xcconfig; name = "Pods-InstaCloneFirebase.release.xcconfig"; path = "Pods/Target Support Files/Pods-InstaCloneFirebase/Pods-InstaCloneFirebase.release.xcconfig"; sourceTree = "<group>"; };
		6D271AA880BD2E8589D31854 /* Pods_InstaCloneFirebase.framework */ = {isa = PBXFileReference; explicitFileType = wrapper.framework; includeInIndex = 0; path = Pods_InstaCloneFirebase.framework; sourceTree = BUILT_PRODUCTS_DIR; };
		A7AD31C21F64084200E4C644 /* InstaCloneFirebase.app */ = {isa = PBXFileReference; explicitFileType = wrapper.application; includeInIndex = 0; path = InstaCloneFirebase.app; sourceTree = BUILT_PRODUCTS_DIR; };
		A7AD31C51F64084200E4C644 /* AppDelegate.swift */ = {isa = PBXFileReference; lastKnownFileType = sourcecode.swift; path = AppDelegate.swift; sourceTree = "<group>"; };
		A7AD31C71F64084200E4C644 /* feedVC.swift */ = {isa = PBXFileReference; lastKnownFileType = sourcecode.swift; path = feedVC.swift; sourceTree = "<group>"; };
		A7AD31C91F64084200E4C644 /* uploadVC.swift */ = {isa = PBXFileReference; lastKnownFileType = sourcecode.swift; path = uploadVC.swift; sourceTree = "<group>"; };
		A7AD31CC1F64084200E4C644 /* Base */ = {isa = PBXFileReference; lastKnownFileType = file.storyboard; name = Base; path = Base.lproj/Main.storyboard; sourceTree = "<group>"; };
		A7AD31CE1F64084200E4C644 /* Assets.xcassets */ = {isa = PBXFileReference; lastKnownFileType = folder.assetcatalog; path = Assets.xcassets; sourceTree = "<group>"; };
		A7AD31D11F64084200E4C644 /* Base */ = {isa = PBXFileReference; lastKnownFileType = file.storyboard; name = Base; path = Base.lproj/LaunchScreen.storyboard; sourceTree = "<group>"; };
		A7AD31D31F64084200E4C644 /* Info.plist */ = {isa = PBXFileReference; lastKnownFileType = text.plist.xml; path = Info.plist; sourceTree = "<group>"; };
		A7AD31D91F6409CD00E4C644 /* signInVC.swift */ = {isa = PBXFileReference; lastKnownFileType = sourcecode.swift; path = signInVC.swift; sourceTree = "<group>"; };
		A7AD31DB1F640C4E00E4C644 /* GoogleService-Info.plist */ = {isa = PBXFileReference; lastKnownFileType = text.plist.xml; path = "GoogleService-Info.plist"; sourceTree = "<group>"; };
		A7DA9E711F641F9F0049BF3F /* select.png */ = {isa = PBXFileReference; lastKnownFileType = image.png; path = select.png; sourceTree = "<group>"; };
		A7E273A51F657E690019DEBF /* feedCell.swift */ = {isa = PBXFileReference; lastKnownFileType = sourcecode.swift; path = feedCell.swift; sourceTree = "<group>"; };
		A7E273A71F6585A40019DEBF /* SDWebImage.framework */ = {isa = PBXFileReference; lastKnownFileType = wrapper.framework; name = SDWebImage.framework; path = "Pods/../build/Debug-iphoneos/SDWebImage/SDWebImage.framework"; sourceTree = "<group>"; };
		A7E273A91F6585B60019DEBF /* libwebp.framework */ = {isa = PBXFileReference; lastKnownFileType = wrapper.framework; name = libwebp.framework; path = "Pods/../build/Debug-iphoneos/libwebp/libwebp.framework"; sourceTree = "<group>"; };
/* End PBXFileReference section */

/* Begin PBXFrameworksBuildPhase section */
		A7AD31BF1F64084200E4C644 /* Frameworks */ = {
			isa = PBXFrameworksBuildPhase;
			buildActionMask = 2147483647;
			files = (
				A7E273AA1F6585B60019DEBF /* libwebp.framework in Frameworks */,
				A7E273A81F6585A40019DEBF /* SDWebImage.framework in Frameworks */,
				5D678F3B14C4274BCC0836A0 /* Pods_InstaCloneFirebase.framework in Frameworks */,
			);
			runOnlyForDeploymentPostprocessing = 0;
		};
/* End PBXFrameworksBuildPhase section */

/* Begin PBXGroup section */
		278F9C563B90396C7C5C36D5 /* Frameworks */ = {
			isa = PBXGroup;
			children = (
				A7E273A91F6585B60019DEBF /* libwebp.framework */,
				A7E273A71F6585A40019DEBF /* SDWebImage.framework */,
				6D271AA880BD2E8589D31854 /* Pods_InstaCloneFirebase.framework */,
			);
			name = Frameworks;
			sourceTree = "<group>";
		};
		501FF6E67C6D32498655985A /* Pods */ = {
			isa = PBXGroup;
			children = (
				2C0EB77F1CF79A714716E80F /* Pods-InstaCloneFirebase.debug.xcconfig */,
				5E6BA0EAEFD6ADD3F0CC1BF9 /* Pods-InstaCloneFirebase.release.xcconfig */,
			);
			name = Pods;
			sourceTree = "<group>";
		};
		A7AD31B91F64084200E4C644 = {
			isa = PBXGroup;
			children = (
				A7AD31C41F64084200E4C644 /* InstaCloneFirebase */,
				A7AD31C31F64084200E4C644 /* Products */,
				501FF6E67C6D32498655985A /* Pods */,
				278F9C563B90396C7C5C36D5 /* Frameworks */,
			);
			sourceTree = "<group>";
		};
		A7AD31C31F64084200E4C644 /* Products */ = {
			isa = PBXGroup;
			children = (
				A7AD31C21F64084200E4C644 /* InstaCloneFirebase.app */,
			);
			name = Products;
			sourceTree = "<group>";
		};
		A7AD31C41F64084200E4C644 /* InstaCloneFirebase */ = {
			isa = PBXGroup;
			children = (
				A7DA9E711F641F9F0049BF3F /* select.png */,
				A7AD31C51F64084200E4C644 /* AppDelegate.swift */,
				A7AD31C71F64084200E4C644 /* feedVC.swift */,
				A7AD31C91F64084200E4C644 /* uploadVC.swift */,
				A7AD31D91F6409CD00E4C644 /* signInVC.swift */,
				A7AD31CB1F64084200E4C644 /* Main.storyboard */,
				A7E273A51F657E690019DEBF /* feedCell.swift */,
				A7AD31CE1F64084200E4C644 /* Assets.xcassets */,
				A7AD31D01F64084200E4C644 /* LaunchScreen.storyboard */,
				A7AD31D31F64084200E4C644 /* Info.plist */,
				A7AD31DB1F640C4E00E4C644 /* GoogleService-Info.plist */,
			);
			path = InstaCloneFirebase;
			sourceTree = "<group>";
		};
/* End PBXGroup section */

/* Begin PBXNativeTarget section */
		A7AD31C11F64084200E4C644 /* InstaCloneFirebase */ = {
			isa = PBXNativeTarget;
			buildConfigurationList = A7AD31D61F64084200E4C644 /* Build configuration list for PBXNativeTarget "InstaCloneFirebase" */;
			buildPhases = (
				7A1381AD5A0178E1883D2910 /* [CP] Check Pods Manifest.lock */,
				A7AD31BE1F64084200E4C644 /* Sources */,
				A7AD31BF1F64084200E4C644 /* Frameworks */,
				A7AD31C01F64084200E4C644 /* Resources */,
				9131505525EAD5BCB67B140D /* [CP] Embed Pods Frameworks */,
				1879277473605B7803F225D2 /* [CP] Copy Pods Resources */,
			);
			buildRules = (
			);
			dependencies = (
			);
			name = InstaCloneFirebase;
			productName = InstaCloneFirebase;
			productReference = A7AD31C21F64084200E4C644 /* InstaCloneFirebase.app */;
			productType = "com.apple.product-type.application";
		};
/* End PBXNativeTarget section */

/* Begin PBXProject section */
		A7AD31BA1F64084200E4C644 /* Project object */ = {
			isa = PBXProject;
			attributes = {
				LastSwiftUpdateCheck = 0900;
				LastUpgradeCheck = 0900;
				ORGANIZATIONNAME = "Samet ÇELİKBIÇAK";
				TargetAttributes = {
					A7AD31C11F64084200E4C644 = {
						CreatedOnToolsVersion = 9.0;
					};
				};
			};
			buildConfigurationList = A7AD31BD1F64084200E4C644 /* Build configuration list for PBXProject "InstaCloneFirebase" */;
			compatibilityVersion = "Xcode 8.0";
			developmentRegion = en;
			hasScannedForEncodings = 0;
			knownRegions = (
				en,
				Base,
			);
			mainGroup = A7AD31B91F64084200E4C644;
			productRefGroup = A7AD31C31F64084200E4C644 /* Products */;
			projectDirPath = "";
			projectRoot = "";
			targets = (
				A7AD31C11F64084200E4C644 /* InstaCloneFirebase */,
			);
		};
/* End PBXProject section */

/* Begin PBXResourcesBuildPhase section */
		A7AD31C01F64084200E4C644 /* Resources */ = {
			isa = PBXResourcesBuildPhase;
			buildActionMask = 2147483647;
			files = (
				A7AD31D21F64084200E4C644 /* LaunchScreen.storyboard in Resources */,
				A7AD31CF1F64084200E4C644 /* Assets.xcassets in Resources */,
				A728885E1F640EEC00AFF8BB /* GoogleService-Info.plist in Resources */,
				A7AD31CD1F64084200E4C644 /* Main.storyboard in Resources */,
				A7DA9E721F641FA40049BF3F /* select.png in Resources */,
			);
			runOnlyForDeploymentPostprocessing = 0;
		};
/* End PBXResourcesBuildPhase section */

/* Begin PBXShellScriptBuildPhase section */
		1879277473605B7803F225D2 /* [CP] Copy Pods Resources */ = {
			isa = PBXShellScriptBuildPhase;
			buildActionMask = 2147483647;
			files = (
			);
			inputPaths = (
			);
			name = "[CP] Copy Pods Resources";
			outputPaths = (
			);
			runOnlyForDeploymentPostprocessing = 0;
			shellPath = /bin/sh;
			shellScript = "\"${SRCROOT}/Pods/Target Support Files/Pods-InstaCloneFirebase/Pods-InstaCloneFirebase-resources.sh\"\n";
			showEnvVarsInLog = 0;
		};
		7A1381AD5A0178E1883D2910 /* [CP] Check Pods Manifest.lock */ = {
			isa = PBXShellScriptBuildPhase;
			buildActionMask = 2147483647;
			files = (
			);
			inputPaths = (
				"${PODS_PODFILE_DIR_PATH}/Podfile.lock",
				"${PODS_ROOT}/Manifest.lock",
			);
			name = "[CP] Check Pods Manifest.lock";
			outputPaths = (
				"$(DERIVED_FILE_DIR)/Pods-InstaCloneFirebase-checkManifestLockResult.txt",
			);
			runOnlyForDeploymentPostprocessing = 0;
			shellPath = /bin/sh;
			shellScript = "diff \"${PODS_PODFILE_DIR_PATH}/Podfile.lock\" \"${PODS_ROOT}/Manifest.lock\" > /dev/null\nif [ $? != 0 ] ; then\n    # print error to STDERR\n    echo \"error: The sandbox is not in sync with the Podfile.lock. Run 'pod install' or update your CocoaPods installation.\" >&2\n    exit 1\nfi\n# This output is used by Xcode 'outputs' to avoid re-running this script phase.\necho \"SUCCESS\" > \"${SCRIPT_OUTPUT_FILE_0}\"\n";
			showEnvVarsInLog = 0;
		};
		9131505525EAD5BCB67B140D /* [CP] Embed Pods Frameworks */ = {
			isa = PBXShellScriptBuildPhase;
			buildActionMask = 2147483647;
			files = (
			);
			inputPaths = (
				"${SRCROOT}/Pods/Target Support Files/Pods-InstaCloneFirebase/Pods-InstaCloneFirebase-frameworks.sh",
				"${BUILT_PRODUCTS_DIR}/GTMSessionFetcher/GTMSessionFetcher.framework",
				"${BUILT_PRODUCTS_DIR}/GoogleToolboxForMac/GoogleToolboxForMac.framework",
				"${BUILT_PRODUCTS_DIR}/SDWebImage/SDWebImage.framework",
				"${BUILT_PRODUCTS_DIR}/libwebp/libwebp.framework",
			);
			name = "[CP] Embed Pods Frameworks";
			outputPaths = (
				"${TARGET_BUILD_DIR}/${FRAMEWORKS_FOLDER_PATH}/GTMSessionFetcher.framework",
				"${TARGET_BUILD_DIR}/${FRAMEWORKS_FOLDER_PATH}/GoogleToolboxForMac.framework",
				"${TARGET_BUILD_DIR}/${FRAMEWORKS_FOLDER_PATH}/SDWebImage.framework",
				"${TARGET_BUILD_DIR}/${FRAMEWORKS_FOLDER_PATH}/libwebp.framework",
			);
			runOnlyForDeploymentPostprocessing = 0;
			shellPath = /bin/sh;
			shellScript = "\"${SRCROOT}/Pods/Target Support Files/Pods-InstaCloneFirebase/Pods-InstaCloneFirebase-frameworks.sh\"\n";
			showEnvVarsInLog = 0;
		};
/* End PBXShellScriptBuildPhase section */

/* Begin PBXSourcesBuildPhase section */
		A7AD31BE1F64084200E4C644 /* Sources */ = {
			isa = PBXSourcesBuildPhase;
			buildActionMask = 2147483647;
			files = (
				A7AD31CA1F64084200E4C644 /* uploadVC.swift in Sources */,
				A7E273A61F657E690019DEBF /* feedCell.swift in Sources */,
				A7AD31C61F64084200E4C644 /* AppDelegate.swift in Sources */,
				A7AD31DA1F6409CD00E4C644 /* signInVC.swift in Sources */,
				A7AD31C81F64084200E4C644 /* feedVC.swift in Sources */,
			);
			runOnlyForDeploymentPostprocessing = 0;
		};
/* End PBXSourcesBuildPhase section */

/* Begin PBXVariantGroup section */
		A7AD31CB1F64084200E4C644 /* Main.storyboard */ = {
			isa = PBXVariantGroup;
			children = (
				A7AD31CC1F64084200E4C644 /* Base */,
			);
			name = Main.storyboard;
			sourceTree = "<group>";
		};
		A7AD31D01F64084200E4C644 /* LaunchScreen.storyboard */ = {
			isa = PBXVariantGroup;
			children = (
				A7AD31D11F64084200E4C644 /* Base */,
			);
			name = LaunchScreen.storyboard;
			sourceTree = "<group>";
		};
/* End PBXVariantGroup section */

/* Begin XCBuildConfiguration section */
		A7AD31D41F64084200E4C644 /* Debug */ = {
			isa = XCBuildConfiguration;
			buildSettings = {
				ALWAYS_SEARCH_USER_PATHS = NO;
				CLANG_ANALYZER_NONNULL = YES;
				CLANG_ANALYZER_NUMBER_OBJECT_CONVERSION = YES_AGGRESSIVE;
				CLANG_CXX_LANGUAGE_STANDARD = "gnu++14";
				CLANG_CXX_LIBRARY = "libc++";
				CLANG_ENABLE_MODULES = YES;
				CLANG_ENABLE_OBJC_ARC = YES;
				CLANG_WARN_BLOCK_CAPTURE_AUTORELEASING = YES;
				CLANG_WARN_BOOL_CONVERSION = YES;
				CLANG_WARN_COMMA = YES;
				CLANG_WARN_CONSTANT_CONVERSION = YES;
				CLANG_WARN_DIRECT_OBJC_ISA_USAGE = YES_ERROR;
				CLANG_WARN_DOCUMENTATION_COMMENTS = YES;
				CLANG_WARN_EMPTY_BODY = YES;
				CLANG_WARN_ENUM_CONVERSION = YES;
				CLANG_WARN_INFINITE_RECURSION = YES;
				CLANG_WARN_INT_CONVERSION = YES;
				CLANG_WARN_NON_LITERAL_NULL_CONVERSION = YES;
				CLANG_WARN_OBJC_LITERAL_CONVERSION = YES;
				CLANG_WARN_OBJC_ROOT_CLASS = YES_ERROR;
				CLANG_WARN_RANGE_LOOP_ANALYSIS = YES;
				CLANG_WARN_STRICT_PROTOTYPES = YES;
				CLANG_WARN_SUSPICIOUS_MOVE = YES;
				CLANG_WARN_UNGUARDED_AVAILABILITY = YES_AGGRESSIVE;
				CLANG_WARN_UNREACHABLE_CODE = YES;
				CLANG_WARN__DUPLICATE_METHOD_MATCH = YES;
				CODE_SIGN_IDENTITY = "iPhone Developer";
				COPY_PHASE_STRIP = NO;
				DEBUG_INFORMATION_FORMAT = dwarf;
				ENABLE_STRICT_OBJC_MSGSEND = YES;
				ENABLE_TESTABILITY = YES;
				GCC_C_LANGUAGE_STANDARD = gnu11;
				GCC_DYNAMIC_NO_PIC = NO;
				GCC_NO_COMMON_BLOCKS = YES;
				GCC_OPTIMIZATION_LEVEL = 0;
				GCC_PREPROCESSOR_DEFINITIONS = (
					"DEBUG=1",
					"$(inherited)",
				);
				GCC_WARN_64_TO_32_BIT_CONVERSION = YES;
				GCC_WARN_ABOUT_RETURN_TYPE = YES_ERROR;
				GCC_WARN_UNDECLARED_SELECTOR = YES;
				GCC_WARN_UNINITIALIZED_AUTOS = YES_AGGRESSIVE;
				GCC_WARN_UNUSED_FUNCTION = YES;
				GCC_WARN_UNUSED_VARIABLE = YES;
				IPHONEOS_DEPLOYMENT_TARGET = 11.0;
				MTL_ENABLE_DEBUG_INFO = YES;
				ONLY_ACTIVE_ARCH = YES;
				SDKROOT = iphoneos;
				SWIFT_ACTIVE_COMPILATION_CONDITIONS = DEBUG;
				SWIFT_OPTIMIZATION_LEVEL = "-Onone";
			};
			name = Debug;
		};
		A7AD31D51F64084200E4C644 /* Release */ = {
			isa = XCBuildConfiguration;
			buildSettings = {
				ALWAYS_SEARCH_USER_PATHS = NO;
				CLANG_ANALYZER_NONNULL = YES;
				CLANG_ANALYZER_NUMBER_OBJECT_CONVERSION = YES_AGGRESSIVE;
				CLANG_CXX_LANGUAGE_STANDARD = "gnu++14";
				CLANG_CXX_LIBRARY = "libc++";
				CLANG_ENABLE_MODULES = YES;
				CLANG_ENABLE_OBJC_ARC = YES;
				CLANG_WARN_BLOCK_CAPTURE_AUTORELEASING = YES;
				CLANG_WARN_BOOL_CONVERSION = YES;
				CLANG_WARN_COMMA = YES;
				CLANG_WARN_CONSTANT_CONVERSION = YES;
				CLANG_WARN_DIRECT_OBJC_ISA_USAGE = YES_ERROR;
				CLANG_WARN_DOCUMENTATION_COMMENTS = YES;
				CLANG_WARN_EMPTY_BODY = YES;
				CLANG_WARN_ENUM_CONVERSION = YES;
				CLANG_WARN_INFINITE_RECURSION = YES;
				CLANG_WARN_INT_CONVERSION = YES;
				CLANG_WARN_NON_LITERAL_NULL_CONVERSION = YES;
				CLANG_WARN_OBJC_LITERAL_CONVERSION = YES;
				CLANG_WARN_OBJC_ROOT_CLASS = YES_ERROR;
				CLANG_WARN_RANGE_LOOP_ANALYSIS = YES;
				CLANG_WARN_STRICT_PROTOTYPES = YES;
				CLANG_WARN_SUSPICIOUS_MOVE = YES;
				CLANG_WARN_UNGUARDED_AVAILABILITY = YES_AGGRESSIVE;
				CLANG_WARN_UNREACHABLE_CODE = YES;
				CLANG_WARN__DUPLICATE_METHOD_MATCH = YES;
				CODE_SIGN_IDENTITY = "iPhone Developer";
				COPY_PHASE_STRIP = NO;
				DEBUG_INFORMATION_FORMAT = "dwarf-with-dsym";
				ENABLE_NS_ASSERTIONS = NO;
				ENABLE_STRICT_OBJC_MSGSEND = YES;
				GCC_C_LANGUAGE_STANDARD = gnu11;
				GCC_NO_COMMON_BLOCKS = YES;
				GCC_WARN_64_TO_32_BIT_CONVERSION = YES;
				GCC_WARN_ABOUT_RETURN_TYPE = YES_ERROR;
				GCC_WARN_UNDECLARED_SELECTOR = YES;
				GCC_WARN_UNINITIALIZED_AUTOS = YES_AGGRESSIVE;
				GCC_WARN_UNUSED_FUNCTION = YES;
				GCC_WARN_UNUSED_VARIABLE = YES;
				IPHONEOS_DEPLOYMENT_TARGET = 11.0;
				MTL_ENABLE_DEBUG_INFO = NO;
				SDKROOT = iphoneos;
				SWIFT_OPTIMIZATION_LEVEL = "-Owholemodule";
				VALIDATE_PRODUCT = YES;
			};
			name = Release;
		};
		A7AD31D71F64084200E4C644 /* Debug */ = {
			isa = XCBuildConfiguration;
			baseConfigurationReference = 2C0EB77F1CF79A714716E80F /* Pods-InstaCloneFirebase.debug.xcconfig */;
			buildSettings = {
				ASSETCATALOG_COMPILER_APPICON_NAME = AppIcon;
				FRAMEWORK_SEARCH_PATHS = (
					"$(inherited)",
					"$(PROJECT_DIR)/build/Debug-iphoneos/SDWebImage",
					"$(PROJECT_DIR)/build/Debug-iphoneos/libwebp",
				);
				INFOPLIST_FILE = InstaCloneFirebase/Info.plist;
				LD_RUNPATH_SEARCH_PATHS = "$(inherited) @executable_path/Frameworks";
				PRODUCT_BUNDLE_IDENTIFIER = com.sametcelikbicak.InstaCloneFirebase;
				PRODUCT_NAME = "$(TARGET_NAME)";
				SWIFT_VERSION = 4.0;
				TARGETED_DEVICE_FAMILY = "1,2";
			};
			name = Debug;
		};
		A7AD31D81F64084200E4C644 /* Release */ = {
			isa = XCBuildConfiguration;
			baseConfigurationReference = 5E6BA0EAEFD6ADD3F0CC1BF9 /* Pods-InstaCloneFirebase.release.xcconfig */;
			buildSettings = {
				ASSETCATALOG_COMPILER_APPICON_NAME = AppIcon;
				FRAMEWORK_SEARCH_PATHS = (
					"$(inherited)",
					"$(PROJECT_DIR)/build/Debug-iphoneos/SDWebImage",
					"$(PROJECT_DIR)/build/Debug-iphoneos/libwebp",
				);
				INFOPLIST_FILE = InstaCloneFirebase/Info.plist;
				LD_RUNPATH_SEARCH_PATHS = "$(inherited) @executable_path/Frameworks";
				PRODUCT_BUNDLE_IDENTIFIER = com.sametcelikbicak.InstaCloneFirebase;
				PRODUCT_NAME = "$(TARGET_NAME)";
				SWIFT_VERSION = 4.0;
				TARGETED_DEVICE_FAMILY = "1,2";
			};
			name = Release;
		};
/* End XCBuildConfiguration section */

/* Begin XCConfigurationList section */
		A7AD31BD1F64084200E4C644 /* Build configuration list for PBXProject "InstaCloneFirebase" */ = {
			isa = XCConfigurationList;
			buildConfigurations = (
				A7AD31D41F64084200E4C644 /* Debug */,
				A7AD31D51F64084200E4C644 /* Release */,
			);
			defaultConfigurationIsVisible = 0;
			defaultConfigurationName = Release;
		};
		A7AD31D61F64084200E4C644 /* Build configuration list for PBXNativeTarget "InstaCloneFirebase" */ = {
			isa = XCConfigurationList;
			buildConfigurations = (
				A7AD31D71F64084200E4C644 /* Debug */,
				A7AD31D81F64084200E4C644 /* Release */,
			);
			defaultConfigurationIsVisible = 0;
			defaultConfigurationName = Release;
		};
/* End XCConfigurationList section */
	};
	rootObject = A7AD31BA1F64084200E4C644 /* Project object */;
}
